
Microsoft Visual Studio Solution File, Format Version 12.00
# Visual Studio 15
Project("{FAE04EC0-301F-11D3-BF4B-00C04F79EFBC}") = "Assembly-CSharp", "Assembly-CSharp.csproj", "{AA4AD958-E6E2-B1A0-4F0B-3BD626D6B9E6}"
EndProject
Project("{FAE04EC0-301F-11D3-BF4B-00C04F79EFBC}") = "Assembly-CSharp-Editor", "Assembly-CSharp-Editor.csproj", "{B3874920-0D6F-F382-14B3-BD7991AD3AB4}"
EndProject
Project("{FAE04EC0-301F-11D3-BF4B-00C04F79EFBC}") = "PackageManagerAssembly", "PackageManagerAssembly.csproj", "{BA2A8979-1E86-0A87-FE37-D3946C202A57}"
EndProject
Global
	GlobalSection(SolutionConfigurationPlatforms) = preSolution
		Debug|Any CPU = Debug|Any CPU
		Release|Any CPU = Release|Any CPU
	EndGlobalSection
	GlobalSection(ProjectConfigurationPlatforms) = postSolution
		{AA4AD958-E6E2-B1A0-4F0B-3BD626D6B9E6}.Debug|Any CPU.ActiveCfg = Debug|Any CPU
		{AA4AD958-E6E2-B1A0-4F0B-3BD626D6B9E6}.Debug|Any CPU.Build.0 = Debug|Any CPU
		{AA4AD958-E6E2-B1A0-4F0B-3BD626D6B9E6}.Release|Any CPU.ActiveCfg = Release|Any CPU
		{AA4AD958-E6E2-B1A0-4F0B-3BD626D6B9E6}.Release|Any CPU.Build.0 = Release|Any CPU
		{B3874920-0D6F-F382-14B3-BD7991AD3AB4}.Debug|Any CPU.ActiveCfg = Debug|Any CPU
		{B3874920-0D6F-F382-14B3-BD7991AD3AB4}.Debug|Any CPU.Build.0 = Debug|Any CPU
		{B3874920-0D6F-F382-14B3-BD7991AD3AB4}.Release|Any CPU.ActiveCfg = Release|Any CPU
		{B3874920-0D6F-F382-14B3-BD7991AD3AB4}.Release|Any CPU.Build.0 = Release|Any CPU
		{BA2A8979-1E86-0A87-FE37-D3946C202A57}.Debug|Any CPU.ActiveCfg = Debug|Any CPU
		{BA2A8979-1E86-0A87-FE37-D3946C202A57}.Debug|Any CPU.Build.0 = Debug|Any CPU
		{BA2A8979-1E86-0A87-FE37-D3946C202A57}.Release|Any CPU.ActiveCfg = Release|Any CPU
		{BA2A8979-1E86-0A87-FE37-D3946C202A57}.Release|Any CPU.Build.0 = Release|Any CPU
	EndGlobalSection
	GlobalSection(SolutionProperties) = preSolution
		HideSolutionNode = FALSE
	EndGlobalSection
EndGlobal
